// !$*UTF8*$!
{
	archiveVersion = 1;
	classes = {
	};
	objectVersion = 46;
	objects = {

/* Begin PBXBuildFile section */
		294912531DC809FD0077116B /* AppDelegate.swift in Sources */ = {isa = PBXBuildFile; fileRef = 294912521DC809FD0077116B /* AppDelegate.swift */; };
		294912551DC809FD0077116B /* RecordSoundsViewController.swift in Sources */ = {isa = PBXBuildFile; fileRef = 294912541DC809FD0077116B /* RecordSoundsViewController.swift */; };
		294912581DC809FD0077116B /* Main.storyboard in Resources */ = {isa = PBXBuildFile; fileRef = 294912561DC809FD0077116B /* Main.storyboard */; };
		2949125A1DC809FD0077116B /* Assets.xcassets in Resources */ = {isa = PBXBuildFile; fileRef = 294912591DC809FD0077116B /* Assets.xcassets */; };
		2949125D1DC809FD0077116B /* LaunchScreen.storyboard in Resources */ = {isa = PBXBuildFile; fileRef = 2949125B1DC809FD0077116B /* LaunchScreen.storyboard */; };
		294912681DC809FD0077116B /* PitchPerfectTests.swift in Sources */ = {isa = PBXBuildFile; fileRef = 294912671DC809FD0077116B /* PitchPerfectTests.swift */; };
		294912731DC809FD0077116B /* PitchPerfectUITests.swift in Sources */ = {isa = PBXBuildFile; fileRef = 294912721DC809FD0077116B /* PitchPerfectUITests.swift */; };
		294912811DC860FE0077116B /* PlaySoundsViewController.swift in Sources */ = {isa = PBXBuildFile; fileRef = 294912801DC860FE0077116B /* PlaySoundsViewController.swift */; };
		294912831DC86CF50077116B /* PlaySoundsViewController+Audio.swift in Sources */ = {isa = PBXBuildFile; fileRef = 294912821DC86CF50077116B /* PlaySoundsViewController+Audio.swift */; };
/* End PBXBuildFile section */

/* Begin PBXContainerItemProxy section */
		294912641DC809FD0077116B /* PBXContainerItemProxy */ = {
			isa = PBXContainerItemProxy;
			containerPortal = 294912471DC809FC0077116B /* Project object */;
			proxyType = 1;
			remoteGlobalIDString = 2949124E1DC809FC0077116B;
			remoteInfo = PitchPerfect;
		};
		2949126F1DC809FD0077116B /* PBXContainerItemProxy */ = {
			isa = PBXContainerItemProxy;
			containerPortal = 294912471DC809FC0077116B /* Project object */;
			proxyType = 1;
			remoteGlobalIDString = 2949124E1DC809FC0077116B;
			remoteInfo = PitchPerfect;
		};
/* End PBXContainerItemProxy section */

/* Begin PBXFileReference section */
		2949124F1DC809FD0077116B /* PitchPerfect.app */ = {isa = PBXFileReference; explicitFileType = wrapper.application; includeInIndex = 0; path = PitchPerfect.app; sourceTree = BUILT_PRODUCTS_DIR; };
		294912521DC809FD0077116B /* AppDelegate.swift */ = {isa = PBXFileReference; lastKnownFileType = sourcecode.swift; path = AppDelegate.swift; sourceTree = "<group>"; };
		294912541DC809FD0077116B /* RecordSoundsViewController.swift */ = {isa = PBXFileReference; lastKnownFileType = sourcecode.swift; path = RecordSoundsViewController.swift; sourceTree = "<group>"; };
		294912571DC809FD0077116B /* Base */ = {isa = PBXFileReference; lastKnownFileType = file.storyboard; name = Base; path = Base.lproj/Main.storyboard; sourceTree = "<group>"; };
		294912591DC809FD0077116B /* Assets.xcassets */ = {isa = PBXFileReference; lastKnownFileType = folder.assetcatalog; path = Assets.xcassets; sourceTree = "<group>"; };
		2949125C1DC809FD0077116B /* Base */ = {isa = PBXFileReference; lastKnownFileType = file.storyboard; name = Base; path = Base.lproj/LaunchScreen.storyboard; sourceTree = "<group>"; };
		2949125E1DC809FD0077116B /* Info.plist */ = {isa = PBXFileReference; lastKnownFileType = text.plist.xml; path = Info.plist; sourceTree = "<group>"; };
		294912631DC809FD0077116B /* PitchPerfectTests.xctest */ = {isa = PBXFileReference; explicitFileType = wrapper.cfbundle; includeInIndex = 0; path = PitchPerfectTests.xctest; sourceTree = BUILT_PRODUCTS_DIR; };
		294912671DC809FD0077116B /* PitchPerfectTests.swift */ = {isa = PBXFileReference; lastKnownFileType = sourcecode.swift; path = PitchPerfectTests.swift; sourceTree = "<group>"; };
		294912691DC809FD0077116B /* Info.plist */ = {isa = PBXFileReference; lastKnownFileType = text.plist.xml; path = Info.plist; sourceTree = "<group>"; };
		2949126E1DC809FD0077116B /* PitchPerfectUITests.xctest */ = {isa = PBXFileReference; explicitFileType = wrapper.cfbundle; includeInIndex = 0; path = PitchPerfectUITests.xctest; sourceTree = BUILT_PRODUCTS_DIR; };
		294912721DC809FD0077116B /* PitchPerfectUITests.swift */ = {isa = PBXFileReference; lastKnownFileType = sourcecode.swift; path = PitchPerfectUITests.swift; sourceTree = "<group>"; };
		294912741DC809FD0077116B /* Info.plist */ = {isa = PBXFileReference; lastKnownFileType = text.plist.xml; path = Info.plist; sourceTree = "<group>"; };
		294912801DC860FE0077116B /* PlaySoundsViewController.swift */ = {isa = PBXFileReference; fileEncoding = 4; lastKnownFileType = sourcecode.swift; path = PlaySoundsViewController.swift; sourceTree = "<group>"; };
		294912821DC86CF50077116B /* PlaySoundsViewController+Audio.swift */ = {isa = PBXFileReference; fileEncoding = 4; lastKnownFileType = sourcecode.swift; path = "PlaySoundsViewController+Audio.swift"; sourceTree = "<group>"; };
/* End PBXFileReference section */

/* Begin PBXFrameworksBuildPhase section */
		2949124C1DC809FC0077116B /* Frameworks */ = {
			isa = PBXFrameworksBuildPhase;
			buildActionMask = 2147483647;
			files = (
			);
			runOnlyForDeploymentPostprocessing = 0;
		};
		294912601DC809FD0077116B /* Frameworks */ = {
			isa = PBXFrameworksBuildPhase;
			buildActionMask = 2147483647;
			files = (
			);
			runOnlyForDeploymentPostprocessing = 0;
		};
		2949126B1DC809FD0077116B /* Frameworks */ = {
			isa = PBXFrameworksBuildPhase;
			buildActionMask = 2147483647;
			files = (
			);
			runOnlyForDeploymentPostprocessing = 0;
		};
/* End PBXFrameworksBuildPhase section */

/* Begin PBXGroup section */
		294912461DC809FC0077116B = {
			isa = PBXGroup;
			children = (
				294912511DC809FD0077116B /* PitchPerfect */,
				294912661DC809FD0077116B /* PitchPerfectTests */,
				294912711DC809FD0077116B /* PitchPerfectUITests */,
				294912501DC809FD0077116B /* Products */,
			);
			sourceTree = "<group>";
		};
		294912501DC809FD0077116B /* Products */ = {
			isa = PBXGroup;
			children = (
				2949124F1DC809FD0077116B /* PitchPerfect.app */,
				294912631DC809FD0077116B /* PitchPerfectTests.xctest */,
				2949126E1DC809FD0077116B /* PitchPerfectUITests.xctest */,
			);
			name = Products;
			sourceTree = "<group>";
		};
		294912511DC809FD0077116B /* PitchPerfect */ = {
			isa = PBXGroup;
			children = (
				294912521DC809FD0077116B /* AppDelegate.swift */,
				294912541DC809FD0077116B /* RecordSoundsViewController.swift */,
				294912561DC809FD0077116B /* Main.storyboard */,
				294912801DC860FE0077116B /* PlaySoundsViewController.swift */,
				294912821DC86CF50077116B /* PlaySoundsViewController+Audio.swift */,
				294912591DC809FD0077116B /* Assets.xcassets */,
				2949125B1DC809FD0077116B /* LaunchScreen.storyboard */,
				2949125E1DC809FD0077116B /* Info.plist */,
			);
			path = PitchPerfect;
			sourceTree = "<group>";
		};
		294912661DC809FD0077116B /* PitchPerfectTests */ = {
			isa = PBXGroup;
			children = (
				294912671DC809FD0077116B /* PitchPerfectTests.swift */,
				294912691DC809FD0077116B /* Info.plist */,
			);
			path = PitchPerfectTests;
			sourceTree = "<group>";
		};
		294912711DC809FD0077116B /* PitchPerfectUITests */ = {
			isa = PBXGroup;
			children = (
				294912721DC809FD0077116B /* PitchPerfectUITests.swift */,
				294912741DC809FD0077116B /* Info.plist */,
			);
			path = PitchPerfectUITests;
			sourceTree = "<group>";
		};
/* End PBXGroup section */

/* Begin PBXNativeTarget section */
		2949124E1DC809FC0077116B /* PitchPerfect */ = {
			isa = PBXNativeTarget;
			buildConfigurationList = 294912771DC809FD0077116B /* Build configuration list for PBXNativeTarget "PitchPerfect" */;
			buildPhases = (
				2949124B1DC809FC0077116B /* Sources */,
				2949124C1DC809FC0077116B /* Frameworks */,
				2949124D1DC809FC0077116B /* Resources */,
			);
			buildRules = (
			);
			dependencies = (
			);
			name = PitchPerfect;
			productName = PitchPerfect;
			productReference = 2949124F1DC809FD0077116B /* PitchPerfect.app */;
			productType = "com.apple.product-type.application";
		};
		294912621DC809FD0077116B /* PitchPerfectTests */ = {
			isa = PBXNativeTarget;
			buildConfigurationList = 2949127A1DC809FD0077116B /* Build configuration list for PBXNativeTarget "PitchPerfectTests" */;
			buildPhases = (
				2949125F1DC809FD0077116B /* Sources */,
				294912601DC809FD0077116B /* Frameworks */,
				294912611DC809FD0077116B /* Resources */,
			);
			buildRules = (
			);
			dependencies = (
				294912651DC809FD0077116B /* PBXTargetDependency */,
			);
			name = PitchPerfectTests;
			productName = PitchPerfectTests;
			productReference = 294912631DC809FD0077116B /* PitchPerfectTests.xctest */;
			productType = "com.apple.product-type.bundle.unit-test";
		};
		2949126D1DC809FD0077116B /* PitchPerfectUITests */ = {
			isa = PBXNativeTarget;
			buildConfigurationList = 2949127D1DC809FD0077116B /* Build configuration list for PBXNativeTarget "PitchPerfectUITests" */;
			buildPhases = (
				2949126A1DC809FD0077116B /* Sources */,
				2949126B1DC809FD0077116B /* Frameworks */,
				2949126C1DC809FD0077116B /* Resources */,
			);
			buildRules = (
			);
			dependencies = (
				294912701DC809FD0077116B /* PBXTargetDependency */,
			);
			name = PitchPerfectUITests;
			productName = PitchPerfectUITests;
			productReference = 2949126E1DC809FD0077116B /* PitchPerfectUITests.xctest */;
			productType = "com.apple.product-type.bundle.ui-testing";
		};
/* End PBXNativeTarget section */

/* Begin PBXProject section */
		294912471DC809FC0077116B /* Project object */ = {
			isa = PBXProject;
			attributes = {
				LastSwiftUpdateCheck = 0800;
				LastUpgradeCheck = 0810;
				ORGANIZATIONNAME = yywan;
				TargetAttributes = {
					2949124E1DC809FC0077116B = {
						CreatedOnToolsVersion = 8.0;
						DevelopmentTeam = 2334MX9RSB;
						ProvisioningStyle = Automatic;
					};
					294912621DC809FD0077116B = {
						CreatedOnToolsVersion = 8.0;
						ProvisioningStyle = Automatic;
						TestTargetID = 2949124E1DC809FC0077116B;
					};
					2949126D1DC809FD0077116B = {
						CreatedOnToolsVersion = 8.0;
						ProvisioningStyle = Automatic;
						TestTargetID = 2949124E1DC809FC0077116B;
					};
				};
			};
			buildConfigurationList = 2949124A1DC809FC0077116B /* Build configuration list for PBXProject "PitchPerfect" */;
			compatibilityVersion = "Xcode 3.2";
			developmentRegion = English;
			hasScannedForEncodings = 0;
			knownRegions = (
				en,
				Base,
			);
			mainGroup = 294912461DC809FC0077116B;
			productRefGroup = 294912501DC809FD0077116B /* Products */;
			projectDirPath = "";
			projectRoot = "";
			targets = (
				2949124E1DC809FC0077116B /* PitchPerfect */,
				294912621DC809FD0077116B /* PitchPerfectTests */,
				2949126D1DC809FD0077116B /* PitchPerfectUITests */,
			);
		};
/* End PBXProject section */

/* Begin PBXResourcesBuildPhase section */
		2949124D1DC809FC0077116B /* Resources */ = {
			isa = PBXResourcesBuildPhase;
			buildActionMask = 2147483647;
			files = (
				2949125D1DC809FD0077116B /* LaunchScreen.storyboard in Resources */,
				2949125A1DC809FD0077116B /* Assets.xcassets in Resources */,
				294912581DC809FD0077116B /* Main.storyboard in Resources */,
			);
			runOnlyForDeploymentPostprocessing = 0;
		};
		294912611DC809FD0077116B /* Resources */ = {
			isa = PBXResourcesBuildPhase;
			buildActionMask = 2147483647;
			files = (
			);
			runOnlyForDeploymentPostprocessing = 0;
		};
		2949126C1DC809FD0077116B /* Resources */ = {
			isa = PBXResourcesBuildPhase;
			buildActionMask = 2147483647;
			files = (
			);
			runOnlyForDeploymentPostprocessing = 0;
		};
/* End PBXResourcesBuildPhase section */

/* Begin PBXSourcesBuildPhase section */
		2949124B1DC809FC0077116B /* Sources */ = {
			isa = PBXSourcesBuildPhase;
			buildActionMask = 2147483647;
			files = (
				294912551DC809FD0077116B /* RecordSoundsViewController.swift in Sources */,
				294912831DC86CF50077116B /* PlaySoundsViewController+Audio.swift in Sources */,
				294912811DC860FE0077116B /* PlaySoundsViewController.swift in Sources */,
				294912531DC809FD0077116B /* AppDelegate.swift in Sources */,
			);
			runOnlyForDeploymentPostprocessing = 0;
		};
		2949125F1DC809FD0077116B /* Sources */ = {
			isa = PBXSourcesBuildPhase;
			buildActionMask = 2147483647;
			files = (
				294912681DC809FD0077116B /* PitchPerfectTests.swift in Sources */,
			);
			runOnlyForDeploymentPostprocessing = 0;
		};
		2949126A1DC809FD0077116B /* Sources */ = {
			isa = PBXSourcesBuildPhase;
			buildActionMask = 2147483647;
			files = (
				294912731DC809FD0077116B /* PitchPerfectUITests.swift in Sources */,
			);
			runOnlyForDeploymentPostprocessing = 0;
		};
/* End PBXSourcesBuildPhase section */

/* Begin PBXTargetDependency section */
		294912651DC809FD0077116B /* PBXTargetDependency */ = {
			isa = PBXTargetDependency;
			target = 2949124E1DC809FC0077116B /* PitchPerfect */;
			targetProxy = 294912641DC809FD0077116B /* PBXContainerItemProxy */;
		};
		294912701DC809FD0077116B /* PBXTargetDependency */ = {
			isa = PBXTargetDependency;
			target = 2949124E1DC809FC0077116B /* PitchPerfect */;
			targetProxy = 2949126F1DC809FD0077116B /* PBXContainerItemProxy */;
		};
/* End PBXTargetDependency section */

/* Begin PBXVariantGroup section */
		294912561DC809FD0077116B /* Main.storyboard */ = {
			isa = PBXVariantGroup;
			children = (
				294912571DC809FD0077116B /* Base */,
			);
			name = Main.storyboard;
			sourceTree = "<group>";
		};
		2949125B1DC809FD0077116B /* LaunchScreen.storyboard */ = {
			isa = PBXVariantGroup;
			children = (
				2949125C1DC809FD0077116B /* Base */,
			);
			name = LaunchScreen.storyboard;
			sourceTree = "<group>";
		};
/* End PBXVariantGroup section */

/* Begin XCBuildConfiguration section */
		294912751DC809FD0077116B /* Debug */ = {
			isa = XCBuildConfiguration;
			buildSettings = {
				ALWAYS_SEARCH_USER_PATHS = NO;
				CLANG_ANALYZER_NONNULL = YES;
				CLANG_CXX_LANGUAGE_STANDARD = "gnu++0x";
				CLANG_CXX_LIBRARY = "libc++";
				CLANG_ENABLE_MODULES = YES;
				CLANG_ENABLE_OBJC_ARC = YES;
				CLANG_WARN_BOOL_CONVERSION = YES;
				CLANG_WARN_CONSTANT_CONVERSION = YES;
				CLANG_WARN_DIRECT_OBJC_ISA_USAGE = YES_ERROR;
				CLANG_WARN_DOCUMENTATION_COMMENTS = YES;
				CLANG_WARN_EMPTY_BODY = YES;
				CLANG_WARN_ENUM_CONVERSION = YES;
				CLANG_WARN_INFINITE_RECURSION = YES;
				CLANG_WARN_INT_CONVERSION = YES;
				CLANG_WARN_OBJC_ROOT_CLASS = YES_ERROR;
				CLANG_WARN_SUSPICIOUS_MOVE = YES;
				CLANG_WARN_SUSPICIOUS_MOVES = YES;
				CLANG_WARN_UNREACHABLE_CODE = YES;
				CLANG_WARN__DUPLICATE_METHOD_MATCH = YES;
				"CODE_SIGN_IDENTITY[sdk=iphoneos*]" = "iPhone Developer";
				COPY_PHASE_STRIP = NO;
				DEBUG_INFORMATION_FORMAT = dwarf;
				ENABLE_STRICT_OBJC_MSGSEND = YES;
				ENABLE_TESTABILITY = YES;
				GCC_C_LANGUAGE_STANDARD = gnu99;
				GCC_DYNAMIC_NO_PIC = NO;
				GCC_NO_COMMON_BLOCKS = YES;
				GCC_OPTIMIZATION_LEVEL = 0;
				GCC_PREPROCESSOR_DEFINITIONS = (
					"DEBUG=1",
					"$(inherited)",
				);
				GCC_WARN_64_TO_32_BIT_CONVERSION = YES;
				GCC_WARN_ABOUT_RETURN_TYPE = YES_ERROR;
				GCC_WARN_UNDECLARED_SELECTOR = YES;
				GCC_WARN_UNINITIALIZED_AUTOS = YES_AGGRESSIVE;
				GCC_WARN_UNUSED_FUNCTION = YES;
				GCC_WARN_UNUSED_VARIABLE = YES;
				IPHONEOS_DEPLOYMENT_TARGET = 10.0;
				MTL_ENABLE_DEBUG_INFO = YES;
				ONLY_ACTIVE_ARCH = YES;
				SDKROOT = iphoneos;
				SWIFT_ACTIVE_COMPILATION_CONDITIONS = DEBUG;
				SWIFT_OPTIMIZATION_LEVEL = "-Onone";
				TARGETED_DEVICE_FAMILY = "1,2";
			};
			name = Debug;
		};
		294912761DC809FD0077116B /* Release */ = {
			isa = XCBuildConfiguration;
			buildSettings = {
				ALWAYS_SEARCH_USER_PATHS = NO;
				CLANG_ANALYZER_NONNULL = YES;
				CLANG_CXX_LANGUAGE_STANDARD = "gnu++0x";
				CLANG_CXX_LIBRARY = "libc++";
				CLANG_ENABLE_MODULES = YES;
				CLANG_ENABLE_OBJC_ARC = YES;
				CLANG_WARN_BOOL_CONVERSION = YES;
				CLANG_WARN_CONSTANT_CONVERSION = YES;
				CLANG_WARN_DIRECT_OBJC_ISA_USAGE = YES_ERROR;
				CLANG_WARN_DOCUMENTATION_COMMENTS = YES;
				CLANG_WARN_EMPTY_BODY = YES;
				CLANG_WARN_ENUM_CONVERSION = YES;
				CLANG_WARN_INFINITE_RECURSION = YES;
				CLANG_WARN_INT_CONVERSION = YES;
				CLANG_WARN_OBJC_ROOT_CLASS = YES_ERROR;
				CLANG_WARN_SUSPICIOUS_MOVE = YES;
				CLANG_WARN_SUSPICIOUS_MOVES = YES;
				CLANG_WARN_UNREACHABLE_CODE = YES;
				CLANG_WARN__DUPLICATE_METHOD_MATCH = YES;
				"CODE_SIGN_IDENTITY[sdk=iphoneos*]" = "iPhone Developer";
				COPY_PHASE_STRIP = NO;
				DEBUG_INFORMATION_FORMAT = "dwarf-with-dsym";
				ENABLE_NS_ASSERTIONS = NO;
				ENABLE_STRICT_OBJC_MSGSEND = YES;
				GCC_C_LANGUAGE_STANDARD = gnu99;
				GCC_NO_COMMON_BLOCKS = YES;
				GCC_WARN_64_TO_32_BIT_CONVERSION = YES;
				GCC_WARN_ABOUT_RETURN_TYPE = YES_ERROR;
				GCC_WARN_UNDECLARED_SELECTOR = YES;
				GCC_WARN_UNINITIALIZED_AUTOS = YES_AGGRESSIVE;
				GCC_WARN_UNUSED_FUNCTION = YES;
				GCC_WARN_UNUSED_VARIABLE = YES;
				IPHONEOS_DEPLOYMENT_TARGET = 10.0;
				MTL_ENABLE_DEBUG_INFO = NO;
				SDKROOT = iphoneos;
				SWIFT_OPTIMIZATION_LEVEL = "-Owholemodule";
				TARGETED_DEVICE_FAMILY = "1,2";
				VALIDATE_PRODUCT = YES;
			};
			name = Release;
		};
		294912781DC809FD0077116B /* Debug */ = {
			isa = XCBuildConfiguration;
			buildSettings = {
				ASSETCATALOG_COMPILER_APPICON_NAME = AppIcon;
				"CODE_SIGN_IDENTITY[sdk=iphoneos*]" = "iPhone Developer";
				DEVELOPMENT_TEAM = 2334MX9RSB;
				INFOPLIST_FILE = PitchPerfect/Info.plist;
				LD_RUNPATH_SEARCH_PATHS = "$(inherited) @executable_path/Frameworks";
				PRODUCT_BUNDLE_IDENTIFIER = yywan.PitchPerfect;
				PRODUCT_NAME = "$(TARGET_NAME)";
				SWIFT_VERSION = 3.0;
			};
			name = Debug;
		};
		294912791DC809FD0077116B /* Release */ = {
			isa = XCBuildConfiguration;
			buildSettings = {
				ASSETCATALOG_COMPILER_APPICON_NAME = AppIcon;
				"CODE_SIGN_IDENTITY[sdk=iphoneos*]" = "iPhone Developer";
				DEVELOPMENT_TEAM = 2334MX9RSB;
				INFOPLIST_FILE = PitchPerfect/Info.plist;
				LD_RUNPATH_SEARCH_PATHS = "$(inherited) @executable_path/Frameworks";
				PRODUCT_BUNDLE_IDENTIFIER = yywan.PitchPerfect;
				PRODUCT_NAME = "$(TARGET_NAME)";
				SWIFT_VERSION = 3.0;
			};
			name = Release;
		};
		2949127B1DC809FD0077116B /* Debug */ = {
			isa = XCBuildConfiguration;
			buildSettings = {
				ALWAYS_EMBED_SWIFT_STANDARD_LIBRARIES = YES;
				BUNDLE_LOADER = "$(TEST_HOST)";
				INFOPLIST_FILE = PitchPerfectTests/Info.plist;
				LD_RUNPATH_SEARCH_PATHS = "$(inherited) @executable_path/Frameworks @loader_path/Frameworks";
				PRODUCT_BUNDLE_IDENTIFIER = yywan.PitchPerfectTests;
				PRODUCT_NAME = "$(TARGET_NAME)";
				SWIFT_VERSION = 3.0;
				TEST_HOST = "$(BUILT_PRODUCTS_DIR)/PitchPerfect.app/PitchPerfect";
			};
			name = Debug;
		};
		2949127C1DC809FD0077116B /* Release */ = {
			isa = XCBuildConfiguration;
			buildSettings = {
				ALWAYS_EMBED_SWIFT_STANDARD_LIBRARIES = YES;
				BUNDLE_LOADER = "$(TEST_HOST)";
				INFOPLIST_FILE = PitchPerfectTests/Info.plist;
				LD_RUNPATH_SEARCH_PATHS = "$(inherited) @executable_path/Frameworks @loader_path/Frameworks";
				PRODUCT_BUNDLE_IDENTIFIER = yywan.PitchPerfectTests;
				PRODUCT_NAME = "$(TARGET_NAME)";
				SWIFT_VERSION = 3.0;
				TEST_HOST = "$(BUILT_PRODUCTS_DIR)/PitchPerfect.app/PitchPerfect";
			};
			name = Release;
		};
		2949127E1DC809FD0077116B /* Debug */ = {
			isa = XCBuildConfiguration;
			buildSettings = {
				ALWAYS_EMBED_SWIFT_STANDARD_LIBRARIES = YES;
				INFOPLIST_FILE = PitchPerfectUITests/Info.plist;
				LD_RUNPATH_SEARCH_PATHS = "$(inherited) @executable_path/Frameworks @loader_path/Frameworks";
				PRODUCT_BUNDLE_IDENTIFIER = yywan.PitchPerfectUITests;
				PRODUCT_NAME = "$(TARGET_NAME)";
				SWIFT_VERSION = 3.0;
				TEST_TARGET_NAME = PitchPerfect;
			};
			name = Debug;
		};
		2949127F1DC809FD0077116B /* Release */ = {
			isa = XCBuildConfiguration;
			buildSettings = {
				ALWAYS_EMBED_SWIFT_STANDARD_LIBRARIES = YES;
				INFOPLIST_FILE = PitchPerfectUITests/Info.plist;
				LD_RUNPATH_SEARCH_PATHS = "$(inherited) @executable_path/Frameworks @loader_path/Frameworks";
				PRODUCT_BUNDLE_IDENTIFIER = yywan.PitchPerfectUITests;
				PRODUCT_NAME = "$(TARGET_NAME)";
				SWIFT_VERSION = 3.0;
				TEST_TARGET_NAME = PitchPerfect;
			};
			name = Release;
		};
/* End XCBuildConfiguration section */

/* Begin XCConfigurationList section */
		2949124A1DC809FC0077116B /* Build configuration list for PBXProject "PitchPerfect" */ = {
			isa = XCConfigurationList;
			buildConfigurations = (
				294912751DC809FD0077116B /* Debug */,
				294912761DC809FD0077116B /* Release */,
			);
			defaultConfigurationIsVisible = 0;
			defaultConfigurationName = Release;
		};
		294912771DC809FD0077116B /* Build configuration list for PBXNativeTarget "PitchPerfect" */ = {
			isa = XCConfigurationList;
			buildConfigurations = (
				294912781DC809FD0077116B /* Debug */,
				294912791DC809FD0077116B /* Release */,
			);
			defaultConfigurationIsVisible = 0;
			defaultConfigurationName = Release;
		};
		2949127A1DC809FD0077116B /* Build configuration list for PBXNativeTarget "PitchPerfectTests" */ = {
			isa = XCConfigurationList;
			buildConfigurations = (
				2949127B1DC809FD0077116B /* Debug */,
				2949127C1DC809FD0077116B /* Release */,
			);
			defaultConfigurationIsVisible = 0;
			defaultConfigurationName = Release;
		};
		2949127D1DC809FD0077116B /* Build configuration list for PBXNativeTarget "PitchPerfectUITests" */ = {
			isa = XCConfigurationList;
			buildConfigurations = (
				2949127E1DC809FD0077116B /* Debug */,
				2949127F1DC809FD0077116B /* Release */,
			);
			defaultConfigurationIsVisible = 0;
			defaultConfigurationName = Release;
		};
/* End XCConfigurationList section */
	};
	rootObject = 294912471DC809FC0077116B /* Project object */;
}
